// !$*UTF8*$!
{
	archiveVersion = 1;
	classes = {
	};
	objectVersion = 56;
	objects = {

/* Begin PBXBuildFile section */
		68A9E2932C5E01CC00AF975F /* MidiSlide.swift in Sources */ = {isa = PBXBuildFile; fileRef = 68A9E2922C5E01CC00AF975F /* MidiSlide.swift */; };
		68A9E2952C5E066D00AF975F /* PianoStrokeInfoSlide.swift in Sources */ = {isa = PBXBuildFile; fileRef = 68A9E2942C5E066D00AF975F /* PianoStrokeInfoSlide.swift */; };
		68A9E2972C5E0CE100AF975F /* PianoStrokeConstructionSlide.swift in Sources */ = {isa = PBXBuildFile; fileRef = 68A9E2962C5E0CE100AF975F /* PianoStrokeConstructionSlide.swift */; };
		C30F608F2C690CB00057B11D /* CircleMusicNoteView.swift in Sources */ = {isa = PBXBuildFile; fileRef = C30F608E2C690CB00057B11D /* CircleMusicNoteView.swift */; };
		C30F60992C69D8E80057B11D /* BookView.swift in Sources */ = {isa = PBXBuildFile; fileRef = C30F60982C69D8E80057B11D /* BookView.swift */; };
		C30F609B2C69E9DF0057B11D /* SlideBaseView.swift in Sources */ = {isa = PBXBuildFile; fileRef = C30F609A2C69E9DF0057B11D /* SlideBaseView.swift */; };
		C30F609F2C69FACB0057B11D /* MusicNoteMaskView.swift in Sources */ = {isa = PBXBuildFile; fileRef = C30F609E2C69FACB0057B11D /* MusicNoteMaskView.swift */; };
		C32F62952C63D2D800BA2829 /* ConnectionChartSlide.swift in Sources */ = {isa = PBXBuildFile; fileRef = C32F62942C63D2D800BA2829 /* ConnectionChartSlide.swift */; };
		C333A3902C665FB800CE73CE /* WrapupSlide.swift in Sources */ = {isa = PBXBuildFile; fileRef = C333A38F2C665FB400CE73CE /* WrapupSlide.swift */; };
		C333A3922C66607700CE73CE /* ReferenceSlide.swift in Sources */ = {isa = PBXBuildFile; fileRef = C333A3912C66606F00CE73CE /* ReferenceSlide.swift */; };
		C333A3942C6662D300CE73CE /* ReadmeSlide.swift in Sources */ = {isa = PBXBuildFile; fileRef = C333A3932C6662CE00CE73CE /* ReadmeSlide.swift */; };
		C33912DF2C6E31BC00DE0F3C /* AVKit.framework in Frameworks */ = {isa = PBXBuildFile; fileRef = C33912DE2C6E31BC00DE0F3C /* AVKit.framework */; };
		C36809F32C54BC1A0045C45D /* VideoSlide.swift in Sources */ = {isa = PBXBuildFile; fileRef = C36809F22C54BC1A0045C45D /* VideoSlide.swift */; };
		C3AA14012C5BDA1400389D88 /* CustomStyleSlide.swift in Sources */ = {isa = PBXBuildFile; fileRef = C3AA14002C5BDA1400389D88 /* CustomStyleSlide.swift */; };
		C3AA14042C5BE5A200389D88 /* SlideBottomView.swift in Sources */ = {isa = PBXBuildFile; fileRef = C3AA14032C5BE5A200389D88 /* SlideBottomView.swift */; };
		C3AA14122C5BF4E800389D88 /* Color.swift in Sources */ = {isa = PBXBuildFile; fileRef = C3AA14112C5BF4E800389D88 /* Color.swift */; };
		C3AA14142C5BF96000389D88 /* TestSlide.swift in Sources */ = {isa = PBXBuildFile; fileRef = C3AA14132C5BF96000389D88 /* TestSlide.swift */; };
		C3AA14162C5BFBFD00389D88 /* sonatine1.mp3 in Resources */ = {isa = PBXBuildFile; fileRef = C3AA14152C5BFBFD00389D88 /* sonatine1.mp3 */; };
		C3AA141C2C5FDC1D00389D88 /* OneMoreThingSlide.swift in Sources */ = {isa = PBXBuildFile; fileRef = C3AA141B2C5FDC1D00389D88 /* OneMoreThingSlide.swift */; };
		C3AA141E2C61086500389D88 /* OsTitleSlide.swift in Sources */ = {isa = PBXBuildFile; fileRef = C3AA141D2C61086500389D88 /* OsTitleSlide.swift */; };
		C3AA14202C61285C00389D88 /* PianoImageCompareSlide.swift in Sources */ = {isa = PBXBuildFile; fileRef = C3AA141F2C61285C00389D88 /* PianoImageCompareSlide.swift */; };
		C3AA14222C612D6D00389D88 /* PianoViewStructureSlide.swift in Sources */ = {isa = PBXBuildFile; fileRef = C3AA14212C612D6D00389D88 /* PianoViewStructureSlide.swift */; };
		C3AA14242C61328E00389D88 /* AppendixSlide.swift in Sources */ = {isa = PBXBuildFile; fileRef = C3AA14232C61328E00389D88 /* AppendixSlide.swift */; };
		C3B6DD652C7064610010CC0F /* PianoUI in Frameworks */ = {isa = PBXBuildFile; productRef = C3B6DD642C7064610010CC0F /* PianoUI */; };
		C3B6DD672C7064610010CC0F /* PianoUICore in Frameworks */ = {isa = PBXBuildFile; productRef = C3B6DD662C7064610010CC0F /* PianoUICore */; };
		C3B6DD6A2C7064760010CC0F /* SlideKit in Frameworks */ = {isa = PBXBuildFile; productRef = C3B6DD692C7064760010CC0F /* SlideKit */; };
		C3B6DD6D2C7064840010CC0F /* Algorithms in Frameworks */ = {isa = PBXBuildFile; productRef = C3B6DD6C2C7064840010CC0F /* Algorithms */; };
		C3B6DD6F2C70F2D40010CC0F /* GradientMusicStrokeAnimationView.swift in Sources */ = {isa = PBXBuildFile; fileRef = C3B6DD6E2C70F2D40010CC0F /* GradientMusicStrokeAnimationView.swift */; };
		C3B6DD722C7114F80010CC0F /* ImageSlide.swift in Sources */ = {isa = PBXBuildFile; fileRef = C3B6DD712C7114F60010CC0F /* ImageSlide.swift */; };
		C3B6DD742C71E4630010CC0F /* Localizable.xcstrings in Resources */ = {isa = PBXBuildFile; fileRef = C3B6DD732C71E4630010CC0F /* Localizable.xcstrings */; };
		C3B6DD772C739D660010CC0F /* opening_input.mp4 in Resources */ = {isa = PBXBuildFile; fileRef = C3B6DD752C739D660010CC0F /* opening_input.mp4 */; };
		C3B6DD782C739D660010CC0F /* opening_output.mp4 in Resources */ = {isa = PBXBuildFile; fileRef = C3B6DD762C739D660010CC0F /* opening_output.mp4 */; };
		C3D4F3D32C54C33000DEE6B4 /* AutoScrollTextView.swift in Sources */ = {isa = PBXBuildFile; fileRef = C3D4F3D22C54C33000DEE6B4 /* AutoScrollTextView.swift */; };
		C3D4F40E2C5A954200DEE6B4 /* introductionSentence.swift in Sources */ = {isa = PBXBuildFile; fileRef = C3D4F40D2C5A954200DEE6B4 /* introductionSentence.swift */; };
		C3D4F4102C5A9DDC00DEE6B4 /* TitleSlide.swift in Sources */ = {isa = PBXBuildFile; fileRef = C3D4F40F2C5A9DDC00DEE6B4 /* TitleSlide.swift */; };
		C3D4F4132C5AA64500DEE6B4 /* Constants.swift in Sources */ = {isa = PBXBuildFile; fileRef = C3D4F4122C5AA64500DEE6B4 /* Constants.swift */; };
		C3D4F4152C5AA88000DEE6B4 /* EmptySlide.swift in Sources */ = {isa = PBXBuildFile; fileRef = C3D4F4142C5AA88000DEE6B4 /* EmptySlide.swift */; };
		C3D4F4172C5AA8C300DEE6B4 /* CenterText.swift in Sources */ = {isa = PBXBuildFile; fileRef = C3D4F4162C5AA8C300DEE6B4 /* CenterText.swift */; };
		C3D4F41A2C5AAB6E00DEE6B4 /* TitleImageSlide.swift in Sources */ = {isa = PBXBuildFile; fileRef = C3D4F4192C5AAB6E00DEE6B4 /* TitleImageSlide.swift */; };
		C3E2AD782C1F2941002C7CE8 /* iOSDC2024SlideApp.swift in Sources */ = {isa = PBXBuildFile; fileRef = C3E2AD772C1F2941002C7CE8 /* iOSDC2024SlideApp.swift */; };
		C3E2AD7A2C1F2941002C7CE8 /* ContentView.swift in Sources */ = {isa = PBXBuildFile; fileRef = C3E2AD792C1F2941002C7CE8 /* ContentView.swift */; };
		C3E2AD7C2C1F2942002C7CE8 /* Assets.xcassets in Resources */ = {isa = PBXBuildFile; fileRef = C3E2AD7B2C1F2942002C7CE8 /* Assets.xcassets */; };
		C3E2AD7F2C1F2942002C7CE8 /* Preview Assets.xcassets in Resources */ = {isa = PBXBuildFile; fileRef = C3E2AD7E2C1F2942002C7CE8 /* Preview Assets.xcassets */; };
		C3FF50242C63E4CB00840944 /* EndSlide.swift in Sources */ = {isa = PBXBuildFile; fileRef = C3FF50232C63E4C500840944 /* EndSlide.swift */; };
/* End PBXBuildFile section */

/* Begin PBXFileReference section */
		68A9E2922C5E01CC00AF975F /* MidiSlide.swift */ = {isa = PBXFileReference; lastKnownFileType = sourcecode.swift; path = MidiSlide.swift; sourceTree = "<group>"; };
		68A9E2942C5E066D00AF975F /* PianoStrokeInfoSlide.swift */ = {isa = PBXFileReference; lastKnownFileType = sourcecode.swift; path = PianoStrokeInfoSlide.swift; sourceTree = "<group>"; };
		68A9E2962C5E0CE100AF975F /* PianoStrokeConstructionSlide.swift */ = {isa = PBXFileReference; lastKnownFileType = sourcecode.swift; path = PianoStrokeConstructionSlide.swift; sourceTree = "<group>"; };
		C30F608E2C690CB00057B11D /* CircleMusicNoteView.swift */ = {isa = PBXFileReference; lastKnownFileType = sourcecode.swift; path = CircleMusicNoteView.swift; sourceTree = "<group>"; };
		C30F60982C69D8E80057B11D /* BookView.swift */ = {isa = PBXFileReference; lastKnownFileType = sourcecode.swift; path = BookView.swift; sourceTree = "<group>"; };
		C30F609A2C69E9DF0057B11D /* SlideBaseView.swift */ = {isa = PBXFileReference; lastKnownFileType = sourcecode.swift; path = SlideBaseView.swift; sourceTree = "<group>"; };
		C30F609E2C69FACB0057B11D /* MusicNoteMaskView.swift */ = {isa = PBXFileReference; lastKnownFileType = sourcecode.swift; path = MusicNoteMaskView.swift; sourceTree = "<group>"; };
		C32F62942C63D2D800BA2829 /* ConnectionChartSlide.swift */ = {isa = PBXFileReference; lastKnownFileType = sourcecode.swift; path = ConnectionChartSlide.swift; sourceTree = "<group>"; };
		C333A38F2C665FB400CE73CE /* WrapupSlide.swift */ = {isa = PBXFileReference; lastKnownFileType = sourcecode.swift; path = WrapupSlide.swift; sourceTree = "<group>"; };
		C333A3912C66606F00CE73CE /* ReferenceSlide.swift */ = {isa = PBXFileReference; lastKnownFileType = sourcecode.swift; path = ReferenceSlide.swift; sourceTree = "<group>"; };
		C333A3932C6662CE00CE73CE /* ReadmeSlide.swift */ = {isa = PBXFileReference; lastKnownFileType = sourcecode.swift; path = ReadmeSlide.swift; sourceTree = "<group>"; };
		C33912DC2C6BD93000DE0F3C /* iOSDC2024Slide.entitlements */ = {isa = PBXFileReference; lastKnownFileType = text.plist.entitlements; path = iOSDC2024Slide.entitlements; sourceTree = "<group>"; };
		C33912DE2C6E31BC00DE0F3C /* AVKit.framework */ = {isa = PBXFileReference; lastKnownFileType = wrapper.framework; name = AVKit.framework; path = System/Library/Frameworks/AVKit.framework; sourceTree = SDKROOT; };
		C36809F22C54BC1A0045C45D /* VideoSlide.swift */ = {isa = PBXFileReference; lastKnownFileType = sourcecode.swift; path = VideoSlide.swift; sourceTree = "<group>"; };
		C3AA14002C5BDA1400389D88 /* CustomStyleSlide.swift */ = {isa = PBXFileReference; lastKnownFileType = sourcecode.swift; path = CustomStyleSlide.swift; sourceTree = "<group>"; };
		C3AA14032C5BE5A200389D88 /* SlideBottomView.swift */ = {isa = PBXFileReference; lastKnownFileType = sourcecode.swift; path = SlideBottomView.swift; sourceTree = "<group>"; };
		C3AA14112C5BF4E800389D88 /* Color.swift */ = {isa = PBXFileReference; lastKnownFileType = sourcecode.swift; path = Color.swift; sourceTree = "<group>"; };
		C3AA14132C5BF96000389D88 /* TestSlide.swift */ = {isa = PBXFileReference; lastKnownFileType = sourcecode.swift; path = TestSlide.swift; sourceTree = "<group>"; };
		C3AA14152C5BFBFD00389D88 /* sonatine1.mp3 */ = {isa = PBXFileReference; lastKnownFileType = audio.mp3; path = sonatine1.mp3; sourceTree = "<group>"; };
		C3AA14182C5FDBCB00389D88 /* OneMoreThingSlide.swift */ = {isa = PBXFileReference; lastKnownFileType = sourcecode.swift; path = OneMoreThingSlide.swift; sourceTree = "<group>"; };
		C3AA141B2C5FDC1D00389D88 /* OneMoreThingSlide.swift */ = {isa = PBXFileReference; fileEncoding = 4; lastKnownFileType = sourcecode.swift; path = OneMoreThingSlide.swift; sourceTree = "<group>"; };
		C3AA141D2C61086500389D88 /* OsTitleSlide.swift */ = {isa = PBXFileReference; lastKnownFileType = sourcecode.swift; path = OsTitleSlide.swift; sourceTree = "<group>"; };
		C3AA141F2C61285C00389D88 /* PianoImageCompareSlide.swift */ = {isa = PBXFileReference; lastKnownFileType = sourcecode.swift; path = PianoImageCompareSlide.swift; sourceTree = "<group>"; };
		C3AA14212C612D6D00389D88 /* PianoViewStructureSlide.swift */ = {isa = PBXFileReference; lastKnownFileType = sourcecode.swift; path = PianoViewStructureSlide.swift; sourceTree = "<group>"; };
		C3AA14232C61328E00389D88 /* AppendixSlide.swift */ = {isa = PBXFileReference; lastKnownFileType = sourcecode.swift; path = AppendixSlide.swift; sourceTree = "<group>"; };
		C3B6DD6E2C70F2D40010CC0F /* GradientMusicStrokeAnimationView.swift */ = {isa = PBXFileReference; lastKnownFileType = sourcecode.swift; path = GradientMusicStrokeAnimationView.swift; sourceTree = "<group>"; };
		C3B6DD712C7114F60010CC0F /* ImageSlide.swift */ = {isa = PBXFileReference; lastKnownFileType = sourcecode.swift; path = ImageSlide.swift; sourceTree = "<group>"; };
		C3B6DD732C71E4630010CC0F /* Localizable.xcstrings */ = {isa = PBXFileReference; lastKnownFileType = text.json.xcstrings; path = Localizable.xcstrings; sourceTree = "<group>"; };
		C3B6DD752C739D660010CC0F /* opening_input.mp4 */ = {isa = PBXFileReference; lastKnownFileType = file; path = opening_input.mp4; sourceTree = "<group>"; };
		C3B6DD762C739D660010CC0F /* opening_output.mp4 */ = {isa = PBXFileReference; lastKnownFileType = file; path = opening_output.mp4; sourceTree = "<group>"; };
		C3D010C22C6BD52C00EC23D9 /* Info.plist */ = {isa = PBXFileReference; lastKnownFileType = text.plist; path = Info.plist; sourceTree = "<group>"; };
		C3D4F3D22C54C33000DEE6B4 /* AutoScrollTextView.swift */ = {isa = PBXFileReference; lastKnownFileType = sourcecode.swift; path = AutoScrollTextView.swift; sourceTree = "<group>"; };
		C3D4F40D2C5A954200DEE6B4 /* introductionSentence.swift */ = {isa = PBXFileReference; lastKnownFileType = sourcecode.swift; path = introductionSentence.swift; sourceTree = "<group>"; };
		C3D4F40F2C5A9DDC00DEE6B4 /* TitleSlide.swift */ = {isa = PBXFileReference; lastKnownFileType = sourcecode.swift; path = TitleSlide.swift; sourceTree = "<group>"; };
		C3D4F4122C5AA64500DEE6B4 /* Constants.swift */ = {isa = PBXFileReference; lastKnownFileType = sourcecode.swift; path = Constants.swift; sourceTree = "<group>"; };
		C3D4F4142C5AA88000DEE6B4 /* EmptySlide.swift */ = {isa = PBXFileReference; lastKnownFileType = sourcecode.swift; path = EmptySlide.swift; sourceTree = "<group>"; };
		C3D4F4162C5AA8C300DEE6B4 /* CenterText.swift */ = {isa = PBXFileReference; lastKnownFileType = sourcecode.swift; path = CenterText.swift; sourceTree = "<group>"; };
		C3D4F4192C5AAB6E00DEE6B4 /* TitleImageSlide.swift */ = {isa = PBXFileReference; lastKnownFileType = sourcecode.swift; path = TitleImageSlide.swift; sourceTree = "<group>"; };
		C3E2AD742C1F2941002C7CE8 /* Slidys.app */ = {isa = PBXFileReference; explicitFileType = wrapper.application; includeInIndex = 0; path = Slidys.app; sourceTree = BUILT_PRODUCTS_DIR; };
		C3E2AD772C1F2941002C7CE8 /* iOSDC2024SlideApp.swift */ = {isa = PBXFileReference; lastKnownFileType = sourcecode.swift; path = iOSDC2024SlideApp.swift; sourceTree = "<group>"; };
		C3E2AD792C1F2941002C7CE8 /* ContentView.swift */ = {isa = PBXFileReference; lastKnownFileType = sourcecode.swift; path = ContentView.swift; sourceTree = "<group>"; };
		C3E2AD7B2C1F2942002C7CE8 /* Assets.xcassets */ = {isa = PBXFileReference; lastKnownFileType = folder.assetcatalog; path = Assets.xcassets; sourceTree = "<group>"; };
		C3E2AD7E2C1F2942002C7CE8 /* Preview Assets.xcassets */ = {isa = PBXFileReference; lastKnownFileType = folder.assetcatalog; path = "Preview Assets.xcassets"; sourceTree = "<group>"; };
		C3FF50232C63E4C500840944 /* EndSlide.swift */ = {isa = PBXFileReference; lastKnownFileType = sourcecode.swift; path = EndSlide.swift; sourceTree = "<group>"; };
/* End PBXFileReference section */

/* Begin PBXFrameworksBuildPhase section */
		C3E2AD712C1F2941002C7CE8 /* Frameworks */ = {
			isa = PBXFrameworksBuildPhase;
			buildActionMask = 2147483647;
			files = (
				C3B6DD652C7064610010CC0F /* PianoUI in Frameworks */,
				C3B6DD6A2C7064760010CC0F /* SlideKit in Frameworks */,
				C33912DF2C6E31BC00DE0F3C /* AVKit.framework in Frameworks */,
				C3B6DD6D2C7064840010CC0F /* Algorithms in Frameworks */,
				C3B6DD672C7064610010CC0F /* PianoUICore in Frameworks */,
			);
			runOnlyForDeploymentPostprocessing = 0;
		};
/* End PBXFrameworksBuildPhase section */

/* Begin PBXGroup section */
		C30F60902C69BE140057B11D /* Components */ = {
			isa = PBXGroup;
			children = (
				C30F608E2C690CB00057B11D /* CircleMusicNoteView.swift */,
				C30F60982C69D8E80057B11D /* BookView.swift */,
				C30F609E2C69FACB0057B11D /* MusicNoteMaskView.swift */,
			);
			path = Components;
			sourceTree = "<group>";
		};
		C33912DD2C6E31BC00DE0F3C /* Frameworks */ = {
			isa = PBXGroup;
			children = (
				C33912DE2C6E31BC00DE0F3C /* AVKit.framework */,
			);
			name = Frameworks;
			sourceTree = "<group>";
		};
		C36809F12C54BC0A0045C45D /* Slides */ = {
			isa = PBXGroup;
			children = (
				C30F60902C69BE140057B11D /* Components */,
				C3D4F4182C5AA8C700DEE6B4 /* Format */,
				C3AA14132C5BF96000389D88 /* TestSlide.swift */,
				C3D4F4142C5AA88000DEE6B4 /* EmptySlide.swift */,
				C3D4F4192C5AAB6E00DEE6B4 /* TitleImageSlide.swift */,
				C3D4F40F2C5A9DDC00DEE6B4 /* TitleSlide.swift */,
				C3AA141D2C61086500389D88 /* OsTitleSlide.swift */,
				68A9E2922C5E01CC00AF975F /* MidiSlide.swift */,
				68A9E2942C5E066D00AF975F /* PianoStrokeInfoSlide.swift */,
				68A9E2962C5E0CE100AF975F /* PianoStrokeConstructionSlide.swift */,
				C32F62942C63D2D800BA2829 /* ConnectionChartSlide.swift */,
				C3AA141F2C61285C00389D88 /* PianoImageCompareSlide.swift */,
				C3AA14212C612D6D00389D88 /* PianoViewStructureSlide.swift */,
				C3AA14232C61328E00389D88 /* AppendixSlide.swift */,
				C3AA141B2C5FDC1D00389D88 /* OneMoreThingSlide.swift */,
				C36809F22C54BC1A0045C45D /* VideoSlide.swift */,
				C333A38F2C665FB400CE73CE /* WrapupSlide.swift */,
				C333A3912C66606F00CE73CE /* ReferenceSlide.swift */,
				C333A3932C6662CE00CE73CE /* ReadmeSlide.swift */,
				C3FF50232C63E4C500840944 /* EndSlide.swift */,
			);
			path = Slides;
			sourceTree = "<group>";
		};
		C36809F42C54BDBA0045C45D /* Assets */ = {
			isa = PBXGroup;
			children = (
				C3B6DD752C739D660010CC0F /* opening_input.mp4 */,
				C3B6DD762C739D660010CC0F /* opening_output.mp4 */,
				C3AA14152C5BFBFD00389D88 /* sonatine1.mp3 */,
				C3D4F40D2C5A954200DEE6B4 /* introductionSentence.swift */,
			);
			path = Assets;
			sourceTree = "<group>";
		};
		C36809F72C54C2680045C45D /* Components */ = {
			isa = PBXGroup;
			children = (
				C3D4F3D22C54C33000DEE6B4 /* AutoScrollTextView.swift */,
			);
			path = Components;
			sourceTree = "<group>";
		};
		C3AA14022C5BE59500389D88 /* Views */ = {
			isa = PBXGroup;
			children = (
				C3AA14032C5BE5A200389D88 /* SlideBottomView.swift */,
				C3B6DD6E2C70F2D40010CC0F /* GradientMusicStrokeAnimationView.swift */,
			);
			path = Views;
			sourceTree = "<group>";
		};
		C3AA14102C5BF4D700389D88 /* Extensions */ = {
			isa = PBXGroup;
			children = (
				C3AA14112C5BF4E800389D88 /* Color.swift */,
			);
			path = Extensions;
			sourceTree = "<group>";
		};
		C3AA141A2C5FDC1600389D88 /* Recovered References */ = {
			isa = PBXGroup;
			children = (
				C3AA14182C5FDBCB00389D88 /* OneMoreThingSlide.swift */,
			);
			name = "Recovered References";
			sourceTree = "<group>";
		};
		C3D4F4112C5AA63A00DEE6B4 /* Constants */ = {
			isa = PBXGroup;
			children = (
				C3D4F4122C5AA64500DEE6B4 /* Constants.swift */,
			);
			path = Constants;
			sourceTree = "<group>";
		};
		C3D4F4182C5AA8C700DEE6B4 /* Format */ = {
			isa = PBXGroup;
			children = (
				C3B6DD712C7114F60010CC0F /* ImageSlide.swift */,
				C30F609A2C69E9DF0057B11D /* SlideBaseView.swift */,
				C3D4F4162C5AA8C300DEE6B4 /* CenterText.swift */,
				C3AA14002C5BDA1400389D88 /* CustomStyleSlide.swift */,
			);
			path = Format;
			sourceTree = "<group>";
		};
		C3E2AD6B2C1F2941002C7CE8 = {
			isa = PBXGroup;
			children = (
				C3E2AD762C1F2941002C7CE8 /* iOSDC2024Slide */,
				C3E2AD752C1F2941002C7CE8 /* Products */,
				C3AA141A2C5FDC1600389D88 /* Recovered References */,
				C33912DD2C6E31BC00DE0F3C /* Frameworks */,
			);
			sourceTree = "<group>";
		};
		C3E2AD752C1F2941002C7CE8 /* Products */ = {
			isa = PBXGroup;
			children = (
				C3E2AD742C1F2941002C7CE8 /* Slidys.app */,
			);
			name = Products;
			sourceTree = "<group>";
		};
		C3E2AD762C1F2941002C7CE8 /* iOSDC2024Slide */ = {
			isa = PBXGroup;
			children = (
				C33912DC2C6BD93000DE0F3C /* iOSDC2024Slide.entitlements */,
				C3D010C22C6BD52C00EC23D9 /* Info.plist */,
				C3AA14022C5BE59500389D88 /* Views */,
				C3D4F4112C5AA63A00DEE6B4 /* Constants */,
				C36809F72C54C2680045C45D /* Components */,
				C3AA14102C5BF4D700389D88 /* Extensions */,
				C36809F42C54BDBA0045C45D /* Assets */,
				C36809F12C54BC0A0045C45D /* Slides */,
				C3E2AD772C1F2941002C7CE8 /* iOSDC2024SlideApp.swift */,
				C3E2AD792C1F2941002C7CE8 /* ContentView.swift */,
				C3E2AD7B2C1F2942002C7CE8 /* Assets.xcassets */,
				C3E2AD7D2C1F2942002C7CE8 /* Preview Content */,
				C3B6DD732C71E4630010CC0F /* Localizable.xcstrings */,
			);
			path = iOSDC2024Slide;
			sourceTree = "<group>";
		};
		C3E2AD7D2C1F2942002C7CE8 /* Preview Content */ = {
			isa = PBXGroup;
			children = (
				C3E2AD7E2C1F2942002C7CE8 /* Preview Assets.xcassets */,
			);
			path = "Preview Content";
			sourceTree = "<group>";
		};
/* End PBXGroup section */

/* Begin PBXNativeTarget section */
		C3E2AD732C1F2941002C7CE8 /* iOSDC2024Slide */ = {
			isa = PBXNativeTarget;
			buildConfigurationList = C3E2AD822C1F2942002C7CE8 /* Build configuration list for PBXNativeTarget "iOSDC2024Slide" */;
			buildPhases = (
				C3E2AD702C1F2941002C7CE8 /* Sources */,
				C3E2AD712C1F2941002C7CE8 /* Frameworks */,
				C3E2AD722C1F2941002C7CE8 /* Resources */,
			);
			buildRules = (
			);
			dependencies = (
			);
			name = iOSDC2024Slide;
			packageProductDependencies = (
				C3B6DD642C7064610010CC0F /* PianoUI */,
				C3B6DD662C7064610010CC0F /* PianoUICore */,
				C3B6DD692C7064760010CC0F /* SlideKit */,
				C3B6DD6C2C7064840010CC0F /* Algorithms */,
			);
			productName = iOSDC2024Slide;
			productReference = C3E2AD742C1F2941002C7CE8 /* Slidys.app */;
			productType = "com.apple.product-type.application";
		};
/* End PBXNativeTarget section */

/* Begin PBXProject section */
		C3E2AD6C2C1F2941002C7CE8 /* Project object */ = {
			isa = PBXProject;
			attributes = {
				BuildIndependentTargetsInParallel = 1;
				LastSwiftUpdateCheck = 1530;
				LastUpgradeCheck = 1530;
				TargetAttributes = {
					C3E2AD732C1F2941002C7CE8 = {
						CreatedOnToolsVersion = 15.3;
					};
				};
			};
			buildConfigurationList = C3E2AD6F2C1F2941002C7CE8 /* Build configuration list for PBXProject "iOSDC2024Slide" */;
			compatibilityVersion = "Xcode 14.0";
			developmentRegion = ja;
			hasScannedForEncodings = 0;
			knownRegions = (
				en,
				Base,
				ja,
			);
			mainGroup = C3E2AD6B2C1F2941002C7CE8;
			packageReferences = (
				C3B6DD632C7064610010CC0F /* XCRemoteSwiftPackageReference "PianoUI" */,
				C3B6DD682C7064760010CC0F /* XCRemoteSwiftPackageReference "SlideKit" */,
				C3B6DD6B2C7064840010CC0F /* XCRemoteSwiftPackageReference "swift-algorithms" */,
			);
			productRefGroup = C3E2AD752C1F2941002C7CE8 /* Products */;
			projectDirPath = "";
			projectRoot = "";
			targets = (
				C3E2AD732C1F2941002C7CE8 /* iOSDC2024Slide */,
			);
		};
/* End PBXProject section */

/* Begin PBXResourcesBuildPhase section */
		C3E2AD722C1F2941002C7CE8 /* Resources */ = {
			isa = PBXResourcesBuildPhase;
			buildActionMask = 2147483647;
			files = (
				C3AA14162C5BFBFD00389D88 /* sonatine1.mp3 in Resources */,
				C3B6DD742C71E4630010CC0F /* Localizable.xcstrings in Resources */,
				C3B6DD772C739D660010CC0F /* opening_input.mp4 in Resources */,
				C3B6DD782C739D660010CC0F /* opening_output.mp4 in Resources */,
				C3E2AD7F2C1F2942002C7CE8 /* Preview Assets.xcassets in Resources */,
				C3E2AD7C2C1F2942002C7CE8 /* Assets.xcassets in Resources */,
			);
			runOnlyForDeploymentPostprocessing = 0;
		};
/* End PBXResourcesBuildPhase section */

/* Begin PBXSourcesBuildPhase section */
		C3E2AD702C1F2941002C7CE8 /* Sources */ = {
			isa = PBXSourcesBuildPhase;
			buildActionMask = 2147483647;
			files = (
				C3AA14222C612D6D00389D88 /* PianoViewStructureSlide.swift in Sources */,
				68A9E2932C5E01CC00AF975F /* MidiSlide.swift in Sources */,
				C3AA141E2C61086500389D88 /* OsTitleSlide.swift in Sources */,
				C3E2AD7A2C1F2941002C7CE8 /* ContentView.swift in Sources */,
				C3D4F40E2C5A954200DEE6B4 /* introductionSentence.swift in Sources */,
				C3D4F4102C5A9DDC00DEE6B4 /* TitleSlide.swift in Sources */,
				C3AA141C2C5FDC1D00389D88 /* OneMoreThingSlide.swift in Sources */,
				C32F62952C63D2D800BA2829 /* ConnectionChartSlide.swift in Sources */,
				C3AA14142C5BF96000389D88 /* TestSlide.swift in Sources */,
				C3AA14042C5BE5A200389D88 /* SlideBottomView.swift in Sources */,
				C30F608F2C690CB00057B11D /* CircleMusicNoteView.swift in Sources */,
				C3AA14202C61285C00389D88 /* PianoImageCompareSlide.swift in Sources */,
				C30F609F2C69FACB0057B11D /* MusicNoteMaskView.swift in Sources */,
				C3B6DD6F2C70F2D40010CC0F /* GradientMusicStrokeAnimationView.swift in Sources */,
				C333A3922C66607700CE73CE /* ReferenceSlide.swift in Sources */,
				C30F609B2C69E9DF0057B11D /* SlideBaseView.swift in Sources */,
				C333A3942C6662D300CE73CE /* ReadmeSlide.swift in Sources */,
				C30F60992C69D8E80057B11D /* BookView.swift in Sources */,
				68A9E2952C5E066D00AF975F /* PianoStrokeInfoSlide.swift in Sources */,
				C3E2AD782C1F2941002C7CE8 /* iOSDC2024SlideApp.swift in Sources */,
				C3D4F4172C5AA8C300DEE6B4 /* CenterText.swift in Sources */,
				68A9E2972C5E0CE100AF975F /* PianoStrokeConstructionSlide.swift in Sources */,
				C3AA14122C5BF4E800389D88 /* Color.swift in Sources */,
				C3B6DD722C7114F80010CC0F /* ImageSlide.swift in Sources */,
				C3AA14242C61328E00389D88 /* AppendixSlide.swift in Sources */,
				C3AA14012C5BDA1400389D88 /* CustomStyleSlide.swift in Sources */,
				C36809F32C54BC1A0045C45D /* VideoSlide.swift in Sources */,
				C333A3902C665FB800CE73CE /* WrapupSlide.swift in Sources */,
				C3D4F4152C5AA88000DEE6B4 /* EmptySlide.swift in Sources */,
				C3D4F3D32C54C33000DEE6B4 /* AutoScrollTextView.swift in Sources */,
				C3D4F41A2C5AAB6E00DEE6B4 /* TitleImageSlide.swift in Sources */,
				C3D4F4132C5AA64500DEE6B4 /* Constants.swift in Sources */,
				C3FF50242C63E4CB00840944 /* EndSlide.swift in Sources */,
			);
			runOnlyForDeploymentPostprocessing = 0;
		};
/* End PBXSourcesBuildPhase section */

/* Begin XCBuildConfiguration section */
		C3E2AD802C1F2942002C7CE8 /* Debug */ = {
			isa = XCBuildConfiguration;
			buildSettings = {
				ALWAYS_SEARCH_USER_PATHS = NO;
				ASSETCATALOG_COMPILER_GENERATE_SWIFT_ASSET_SYMBOL_EXTENSIONS = YES;
				CLANG_ANALYZER_NONNULL = YES;
				CLANG_ANALYZER_NUMBER_OBJECT_CONVERSION = YES_AGGRESSIVE;
				CLANG_CXX_LANGUAGE_STANDARD = "gnu++20";
				CLANG_ENABLE_MODULES = YES;
				CLANG_ENABLE_OBJC_ARC = YES;
				CLANG_ENABLE_OBJC_WEAK = YES;
				CLANG_WARN_BLOCK_CAPTURE_AUTORELEASING = YES;
				CLANG_WARN_BOOL_CONVERSION = YES;
				CLANG_WARN_COMMA = YES;
				CLANG_WARN_CONSTANT_CONVERSION = YES;
				CLANG_WARN_DEPRECATED_OBJC_IMPLEMENTATIONS = YES;
				CLANG_WARN_DIRECT_OBJC_ISA_USAGE = YES_ERROR;
				CLANG_WARN_DOCUMENTATION_COMMENTS = YES;
				CLANG_WARN_EMPTY_BODY = YES;
				CLANG_WARN_ENUM_CONVERSION = YES;
				CLANG_WARN_INFINITE_RECURSION = YES;
				CLANG_WARN_INT_CONVERSION = YES;
				CLANG_WARN_NON_LITERAL_NULL_CONVERSION = YES;
				CLANG_WARN_OBJC_IMPLICIT_RETAIN_SELF = YES;
				CLANG_WARN_OBJC_LITERAL_CONVERSION = YES;
				CLANG_WARN_OBJC_ROOT_CLASS = YES_ERROR;
				CLANG_WARN_QUOTED_INCLUDE_IN_FRAMEWORK_HEADER = YES;
				CLANG_WARN_RANGE_LOOP_ANALYSIS = YES;
				CLANG_WARN_STRICT_PROTOTYPES = YES;
				CLANG_WARN_SUSPICIOUS_MOVE = YES;
				CLANG_WARN_UNGUARDED_AVAILABILITY = YES_AGGRESSIVE;
				CLANG_WARN_UNREACHABLE_CODE = YES;
				CLANG_WARN__DUPLICATE_METHOD_MATCH = YES;
				COPY_PHASE_STRIP = NO;
				DEBUG_INFORMATION_FORMAT = dwarf;
				ENABLE_STRICT_OBJC_MSGSEND = YES;
				ENABLE_TESTABILITY = YES;
				ENABLE_USER_SCRIPT_SANDBOXING = YES;
				GCC_C_LANGUAGE_STANDARD = gnu17;
				GCC_DYNAMIC_NO_PIC = NO;
				GCC_NO_COMMON_BLOCKS = YES;
				GCC_OPTIMIZATION_LEVEL = 0;
				GCC_PREPROCESSOR_DEFINITIONS = (
					"DEBUG=1",
					"$(inherited)",
				);
				GCC_WARN_64_TO_32_BIT_CONVERSION = YES;
				GCC_WARN_ABOUT_RETURN_TYPE = YES_ERROR;
				GCC_WARN_UNDECLARED_SELECTOR = YES;
				GCC_WARN_UNINITIALIZED_AUTOS = YES_AGGRESSIVE;
				GCC_WARN_UNUSED_FUNCTION = YES;
				GCC_WARN_UNUSED_VARIABLE = YES;
				IPHONEOS_DEPLOYMENT_TARGET = 17.0;
				LOCALIZATION_PREFERS_STRING_CATALOGS = YES;
				MTL_ENABLE_DEBUG_INFO = INCLUDE_SOURCE;
				MTL_FAST_MATH = YES;
				ONLY_ACTIVE_ARCH = YES;
				SDKROOT = iphoneos;
				SWIFT_ACTIVE_COMPILATION_CONDITIONS = "DEBUG $(inherited)";
				SWIFT_EMIT_LOC_STRINGS = YES;
				SWIFT_OPTIMIZATION_LEVEL = "-Onone";
			};
			name = Debug;
		};
		C3E2AD812C1F2942002C7CE8 /* Release */ = {
			isa = XCBuildConfiguration;
			buildSettings = {
				ALWAYS_SEARCH_USER_PATHS = NO;
				ASSETCATALOG_COMPILER_GENERATE_SWIFT_ASSET_SYMBOL_EXTENSIONS = YES;
				CLANG_ANALYZER_NONNULL = YES;
				CLANG_ANALYZER_NUMBER_OBJECT_CONVERSION = YES_AGGRESSIVE;
				CLANG_CXX_LANGUAGE_STANDARD = "gnu++20";
				CLANG_ENABLE_MODULES = YES;
				CLANG_ENABLE_OBJC_ARC = YES;
				CLANG_ENABLE_OBJC_WEAK = YES;
				CLANG_WARN_BLOCK_CAPTURE_AUTORELEASING = YES;
				CLANG_WARN_BOOL_CONVERSION = YES;
				CLANG_WARN_COMMA = YES;
				CLANG_WARN_CONSTANT_CONVERSION = YES;
				CLANG_WARN_DEPRECATED_OBJC_IMPLEMENTATIONS = YES;
				CLANG_WARN_DIRECT_OBJC_ISA_USAGE = YES_ERROR;
				CLANG_WARN_DOCUMENTATION_COMMENTS = YES;
				CLANG_WARN_EMPTY_BODY = YES;
				CLANG_WARN_ENUM_CONVERSION = YES;
				CLANG_WARN_INFINITE_RECURSION = YES;
				CLANG_WARN_INT_CONVERSION = YES;
				CLANG_WARN_NON_LITERAL_NULL_CONVERSION = YES;
				CLANG_WARN_OBJC_IMPLICIT_RETAIN_SELF = YES;
				CLANG_WARN_OBJC_LITERAL_CONVERSION = YES;
				CLANG_WARN_OBJC_ROOT_CLASS = YES_ERROR;
				CLANG_WARN_QUOTED_INCLUDE_IN_FRAMEWORK_HEADER = YES;
				CLANG_WARN_RANGE_LOOP_ANALYSIS = YES;
				CLANG_WARN_STRICT_PROTOTYPES = YES;
				CLANG_WARN_SUSPICIOUS_MOVE = YES;
				CLANG_WARN_UNGUARDED_AVAILABILITY = YES_AGGRESSIVE;
				CLANG_WARN_UNREACHABLE_CODE = YES;
				CLANG_WARN__DUPLICATE_METHOD_MATCH = YES;
				COPY_PHASE_STRIP = NO;
				DEBUG_INFORMATION_FORMAT = "dwarf-with-dsym";
				ENABLE_NS_ASSERTIONS = NO;
				ENABLE_STRICT_OBJC_MSGSEND = YES;
				ENABLE_USER_SCRIPT_SANDBOXING = YES;
				GCC_C_LANGUAGE_STANDARD = gnu17;
				GCC_NO_COMMON_BLOCKS = YES;
				GCC_WARN_64_TO_32_BIT_CONVERSION = YES;
				GCC_WARN_ABOUT_RETURN_TYPE = YES_ERROR;
				GCC_WARN_UNDECLARED_SELECTOR = YES;
				GCC_WARN_UNINITIALIZED_AUTOS = YES_AGGRESSIVE;
				GCC_WARN_UNUSED_FUNCTION = YES;
				GCC_WARN_UNUSED_VARIABLE = YES;
				IPHONEOS_DEPLOYMENT_TARGET = 17.0;
				LOCALIZATION_PREFERS_STRING_CATALOGS = YES;
				MTL_ENABLE_DEBUG_INFO = NO;
				MTL_FAST_MATH = YES;
				SDKROOT = iphoneos;
				SWIFT_COMPILATION_MODE = wholemodule;
				SWIFT_EMIT_LOC_STRINGS = YES;
				VALIDATE_PRODUCT = YES;
			};
			name = Release;
		};
		C3E2AD832C1F2942002C7CE8 /* Debug */ = {
			isa = XCBuildConfiguration;
			buildSettings = {
				ASSETCATALOG_COMPILER_APPICON_NAME = AppIcon;
				ASSETCATALOG_COMPILER_GLOBAL_ACCENT_COLOR_NAME = AccentColor;
				CODE_SIGN_ENTITLEMENTS = iOSDC2024Slide/iOSDC2024Slide.entitlements;
				CODE_SIGN_STYLE = Automatic;
				CURRENT_PROJECT_VERSION = 1;
				DEVELOPMENT_ASSET_PATHS = "\"iOSDC2024Slide/Preview Content\"";
				DEVELOPMENT_TEAM = 669226BDWM;
				ENABLE_PREVIEWS = YES;
				GENERATE_INFOPLIST_FILE = YES;
				INFOPLIST_FILE = iOSDC2024Slide/Info.plist;
				INFOPLIST_KEY_CFBundleDisplayName = Slidys;
				INFOPLIST_KEY_LSApplicationCategoryType = "public.app-category.developer-tools";
				INFOPLIST_KEY_UIApplicationSceneManifest_Generation = YES;
				INFOPLIST_KEY_UIApplicationSupportsIndirectInputEvents = YES;
				INFOPLIST_KEY_UILaunchScreen_Generation = YES;
				INFOPLIST_KEY_UISupportedInterfaceOrientations_iPad = "UIInterfaceOrientationPortrait UIInterfaceOrientationPortraitUpsideDown UIInterfaceOrientationLandscapeLeft UIInterfaceOrientationLandscapeRight";
				INFOPLIST_KEY_UISupportedInterfaceOrientations_iPhone = "UIInterfaceOrientationPortrait UIInterfaceOrientationLandscapeLeft UIInterfaceOrientationLandscapeRight";
				IPHONEOS_DEPLOYMENT_TARGET = 17.0;
				LD_RUNPATH_SEARCH_PATHS = (
					"$(inherited)",
					"@executable_path/Frameworks",
				);
				MACOSX_DEPLOYMENT_TARGET = 14.0;
				MARKETING_VERSION = 1.0.0;
				PRODUCT_BUNDLE_IDENTIFIER = yugo.sugiyama.iOSDC2024Slide;
				PRODUCT_NAME = Slidys;
				SUPPORTED_PLATFORMS = "iphoneos iphonesimulator macosx";
				SUPPORTS_MACCATALYST = NO;
				SWIFT_EMIT_LOC_STRINGS = YES;
				SWIFT_VERSION = 5.0;
				TARGETED_DEVICE_FAMILY = "1,2";
			};
			name = Debug;
		};
		C3E2AD842C1F2942002C7CE8 /* Release */ = {
			isa = XCBuildConfiguration;
			buildSettings = {
				ASSETCATALOG_COMPILER_APPICON_NAME = AppIcon;
				ASSETCATALOG_COMPILER_GLOBAL_ACCENT_COLOR_NAME = AccentColor;
				CODE_SIGN_ENTITLEMENTS = iOSDC2024Slide/iOSDC2024Slide.entitlements;
				CODE_SIGN_STYLE = Automatic;
				CURRENT_PROJECT_VERSION = 1;
				DEVELOPMENT_ASSET_PATHS = "\"iOSDC2024Slide/Preview Content\"";
				DEVELOPMENT_TEAM = 669226BDWM;
				ENABLE_PREVIEWS = YES;
				GENERATE_INFOPLIST_FILE = YES;
				INFOPLIST_FILE = iOSDC2024Slide/Info.plist;
				INFOPLIST_KEY_CFBundleDisplayName = Slidys;
				INFOPLIST_KEY_LSApplicationCategoryType = "public.app-category.developer-tools";
				INFOPLIST_KEY_UIApplicationSceneManifest_Generation = YES;
				INFOPLIST_KEY_UIApplicationSupportsIndirectInputEvents = YES;
				INFOPLIST_KEY_UILaunchScreen_Generation = YES;
				INFOPLIST_KEY_UISupportedInterfaceOrientations_iPad = "UIInterfaceOrientationPortrait UIInterfaceOrientationPortraitUpsideDown UIInterfaceOrientationLandscapeLeft UIInterfaceOrientationLandscapeRight";
				INFOPLIST_KEY_UISupportedInterfaceOrientations_iPhone = "UIInterfaceOrientationPortrait UIInterfaceOrientationLandscapeLeft UIInterfaceOrientationLandscapeRight";
				IPHONEOS_DEPLOYMENT_TARGET = 17.0;
				LD_RUNPATH_SEARCH_PATHS = (
					"$(inherited)",
					"@executable_path/Frameworks",
				);
				MACOSX_DEPLOYMENT_TARGET = 14.0;
				MARKETING_VERSION = 1.0.0;
				PRODUCT_BUNDLE_IDENTIFIER = yugo.sugiyama.iOSDC2024Slide;
				PRODUCT_NAME = Slidys;
				SUPPORTED_PLATFORMS = "iphoneos iphonesimulator macosx";
				SUPPORTS_MACCATALYST = NO;
				SWIFT_EMIT_LOC_STRINGS = YES;
				SWIFT_VERSION = 5.0;
				TARGETED_DEVICE_FAMILY = "1,2";
			};
			name = Release;
		};
/* End XCBuildConfiguration section */

/* Begin XCConfigurationList section */
		C3E2AD6F2C1F2941002C7CE8 /* Build configuration list for PBXProject "iOSDC2024Slide" */ = {
			isa = XCConfigurationList;
			buildConfigurations = (
				C3E2AD802C1F2942002C7CE8 /* Debug */,
				C3E2AD812C1F2942002C7CE8 /* Release */,
			);
			defaultConfigurationIsVisible = 0;
			defaultConfigurationName = Release;
		};
		C3E2AD822C1F2942002C7CE8 /* Build configuration list for PBXNativeTarget "iOSDC2024Slide" */ = {
			isa = XCConfigurationList;
			buildConfigurations = (
				C3E2AD832C1F2942002C7CE8 /* Debug */,
				C3E2AD842C1F2942002C7CE8 /* Release */,
			);
			defaultConfigurationIsVisible = 0;
			defaultConfigurationName = Release;
		};
/* End XCConfigurationList section */

/* Begin XCRemoteSwiftPackageReference section */
		C3B6DD632C7064610010CC0F /* XCRemoteSwiftPackageReference "PianoUI" */ = {
			isa = XCRemoteSwiftPackageReference;
			repositoryURL = "https://github.com/u5-03/PianoUI";
			requirement = {
				kind = upToNextMajorVersion;
				minimumVersion = 0.3.0;
			};
		};
		C3B6DD682C7064760010CC0F /* XCRemoteSwiftPackageReference "SlideKit" */ = {
			isa = XCRemoteSwiftPackageReference;
			repositoryURL = "https://github.com/mtj0928/SlideKit";
			requirement = {
				kind = upToNextMajorVersion;
				minimumVersion = 0.4.0;
			};
		};
		C3B6DD6B2C7064840010CC0F /* XCRemoteSwiftPackageReference "swift-algorithms" */ = {
			isa = XCRemoteSwiftPackageReference;
			repositoryURL = "https://github.com/apple/swift-algorithms.git";
			requirement = {
				kind = upToNextMajorVersion;
				minimumVersion = 1.2.0;
			};
		};
/* End XCRemoteSwiftPackageReference section */

/* Begin XCSwiftPackageProductDependency section */
		C3B6DD642C7064610010CC0F /* PianoUI */ = {
			isa = XCSwiftPackageProductDependency;
			package = C3B6DD632C7064610010CC0F /* XCRemoteSwiftPackageReference "PianoUI" */;
			productName = PianoUI;
		};
		C3B6DD662C7064610010CC0F /* PianoUICore */ = {
			isa = XCSwiftPackageProductDependency;
			package = C3B6DD632C7064610010CC0F /* XCRemoteSwiftPackageReference "PianoUI" */;
			productName = PianoUICore;
		};
		C3B6DD692C7064760010CC0F /* SlideKit */ = {
			isa = XCSwiftPackageProductDependency;
			package = C3B6DD682C7064760010CC0F /* XCRemoteSwiftPackageReference "SlideKit" */;
			productName = SlideKit;
		};
		C3B6DD6C2C7064840010CC0F /* Algorithms */ = {
			isa = XCSwiftPackageProductDependency;
			package = C3B6DD6B2C7064840010CC0F /* XCRemoteSwiftPackageReference "swift-algorithms" */;
			productName = Algorithms;
		};
/* End XCSwiftPackageProductDependency section */
	};
	rootObject = C3E2AD6C2C1F2941002C7CE8 /* Project object */;
}
